
Microsoft Visual Studio Solution File, Format Version 12.00
# Visual Studio 15
VisualStudioVersion = 15.0.28307.902
MinimumVisualStudioVersion = 10.0.40219.1
Project("{FAE04EC0-301F-11D3-BF4B-00C04F79EFBC}") = "Byatikram", "Byatikram\Byatikram.csproj", "{A40D17C4-F510-467B-B837-BA9683F95E24}"
EndProject
Global
	GlobalSection(SolutionConfigurationPlatforms) = preSolution
		Debug|Any CPU = Debug|Any CPU
		Release|Any CPU = Release|Any CPU
	EndGlobalSection
	GlobalSection(ProjectConfigurationPlatforms) = postSolution
		{A40D17C4-F510-467B-B837-BA9683F95E24}.Debug|Any CPU.ActiveCfg = Debug|Any CPU
		{A40D17C4-F510-467B-B837-BA9683F95E24}.Debug|Any CPU.Build.0 = Debug|Any CPU
		{A40D17C4-F510-467B-B837-BA9683F95E24}.Release|Any CPU.ActiveCfg = Release|Any CPU
		{A40D17C4-F510-467B-B837-BA9683F95E24}.Release|Any CPU.Build.0 = Release|Any CPU
	EndGlobalSection
	GlobalSection(SolutionProperties) = preSolution
		HideSolutionNode = FALSE
	EndGlobalSection
	GlobalSection(ExtensibilityGlobals) = postSolution
		SolutionGuid = {BC317925-F664-43E1-968D-FF882C4137DD}
	EndGlobalSection
EndGlobal
